
Microsoft Visual Studio Solution File, Format Version 12.00
# Visual Studio Version 17
VisualStudioVersion = 17.3.32929.385
MinimumVisualStudioVersion = 10.0.40219.1
Project("{FAE04EC0-301F-11D3-BF4B-00C04F79EFBC}") = "Form_Carpım_Tablosu", "Form_Carpım_Tablosu.csproj", "{14CF61D6-6A1B-4877-81F9-AE1844DBEF14}"
EndProject
Global
	GlobalSection(SolutionConfigurationPlatforms) = preSolution
		Debug|Any CPU = Debug|Any CPU
		Release|Any CPU = Release|Any CPU
	EndGlobalSection
	GlobalSection(ProjectConfigurationPlatforms) = postSolution
		{14CF61D6-6A1B-4877-81F9-AE1844DBEF14}.Debug|Any CPU.ActiveCfg = Debug|Any CPU
		{14CF61D6-6A1B-4877-81F9-AE1844DBEF14}.Debug|Any CPU.Build.0 = Debug|Any CPU
		{14CF61D6-6A1B-4877-81F9-AE1844DBEF14}.Release|Any CPU.ActiveCfg = Release|Any CPU
		{14CF61D6-6A1B-4877-81F9-AE1844DBEF14}.Release|Any CPU.Build.0 = Release|Any CPU
	EndGlobalSection
	GlobalSection(SolutionProperties) = preSolution
		HideSolutionNode = FALSE
	EndGlobalSection
	GlobalSection(ExtensibilityGlobals) = postSolution
		SolutionGuid = {123A4923-654E-40F1-BFB1-B1A9CEC0D6F5}
	EndGlobalSection
EndGlobal
